PODS:
  - SmartLogs (1.3.6):
    - SSZipArchive (= 2.4.2)
  - SSZipArchive (2.4.2)

DEPENDENCIES:
  - SmartLogs (from `../`)
  - SSZipArchive (~> 2.4.2)

SPEC REPOS:
  trunk:
    - SSZipArchive

EXTERNAL SOURCES:
  SmartLogs:
    :path: "../"

SPEC CHECKSUMS:
  SmartLogs: eccf684c5ae5021451b6fc42febba6a2c596decf
  SSZipArchive: e7b4f3d9e780c2acc1764cd88fbf2de28f26e5b2

PODFILE CHECKSUM: e01c8e88058ff3d584280a4726795f1c62b4d1f3

COCOAPODS: 1.16.2
