PODS:
  - SmartLogs (1.2.0):
    - SSZipArchive (~> 2.4.2)
  - SSZipArchive (2.4.3)

DEPENDENCIES:
  - SmartLogs (from `../`)
  - SSZipArchive (~> 2.4.2)

SPEC REPOS:
  trunk:
    - SSZipArchive

EXTERNAL SOURCES:
  SmartLogs:
    :path: "../"

SPEC CHECKSUMS:
  SmartLogs: 2639aebd5d66ab1e53fd0e070d3287233b98bfb2
  SSZipArchive: fe6a26b2a54d5a0890f2567b5cc6de5caa600aef

PODFILE CHECKSUM: e01c8e88058ff3d584280a4726795f1c62b4d1f3

COCOAPODS: 1.11.3
